{
  "name": "time-keeper-monorepo",
  "lockfileVersion": 3,
  "requires": true,
  "packages": {
    "": {
      "name": "time-keeper-monorepo",
      "license": "UNLICENSED"
    },
    "packages/extension": {
      "name": "nuveon-time-keeper",
      "version": "0.0.22",
      "extraneous": true,
      "license": "UNLICENSED",
      "dependencies": {
        "@modelcontextprotocol/sdk": "^1.29.0"
      },
      "devDependencies": {
        "@types/node": "^20.14.0",
        "@types/vscode": "^1.85.0",
        "@vscode/vsce": "^3.2.1",
        "typescript": "^5.6.3"
      },
      "engines": {
        "vscode": "^1.85.0"
      }
    }
  }
}
